// !$*UTF8*$!
{
	archiveVersion = 1;
	classes = {
	};
	objectVersion = 46;
	objects = {

/* Begin PBXBuildFile section */
		B7DDCE7415FBC47900CCD6CC /* UIKit.framework in Frameworks */ = {isa = PBXBuildFile; fileRef = B7DDCE7315FBC47900CCD6CC /* UIKit.framework */; };
		B7DDCE7615FBC47900CCD6CC /* Foundation.framework in Frameworks */ = {isa = PBXBuildFile; fileRef = B7DDCE7515FBC47900CCD6CC /* Foundation.framework */; };
		B7DDCE7815FBC47900CCD6CC /* CoreGraphics.framework in Frameworks */ = {isa = PBXBuildFile; fileRef = B7DDCE7715FBC47900CCD6CC /* CoreGraphics.framework */; };
		B7DDCE7E15FBC47900CCD6CC /* InfoPlist.strings in Resources */ = {isa = PBXBuildFile; fileRef = B7DDCE7C15FBC47900CCD6CC /* InfoPlist.strings */; };
		B7DDCE8015FBC47900CCD6CC /* main.m in Sources */ = {isa = PBXBuildFile; fileRef = B7DDCE7F15FBC47900CCD6CC /* main.m */; };
		B7DDCE8415FBC47900CCD6CC /* AppDelegate.m in Sources */ = {isa = PBXBuildFile; fileRef = B7DDCE8315FBC47900CCD6CC /* AppDelegate.m */; };
		B7DDCE8715FBC47900CCD6CC /* MainStoryboard.storyboard in Resources */ = {isa = PBXBuildFile; fileRef = B7DDCE8515FBC47900CCD6CC /* MainStoryboard.storyboard */; };
		B7DDCE8A15FBC47900CCD6CC /* ViewController.m in Sources */ = {isa = PBXBuildFile; fileRef = B7DDCE8915FBC47900CCD6CC /* ViewController.m */; };
		B7DDCE9215FBC47900CCD6CC /* SenTestingKit.framework in Frameworks */ = {isa = PBXBuildFile; fileRef = B7DDCE9115FBC47900CCD6CC /* SenTestingKit.framework */; };
		B7DDCE9315FBC47900CCD6CC /* UIKit.framework in Frameworks */ = {isa = PBXBuildFile; fileRef = B7DDCE7315FBC47900CCD6CC /* UIKit.framework */; };
		B7DDCE9415FBC47900CCD6CC /* Foundation.framework in Frameworks */ = {isa = PBXBuildFile; fileRef = B7DDCE7515FBC47900CCD6CC /* Foundation.framework */; };
		B7DDCE9C15FBC47900CCD6CC /* InfoPlist.strings in Resources */ = {isa = PBXBuildFile; fileRef = B7DDCE9A15FBC47900CCD6CC /* InfoPlist.strings */; };
		B7DDCE9F15FBC47900CCD6CC /* CountingTests.m in Sources */ = {isa = PBXBuildFile; fileRef = B7DDCE9E15FBC47900CCD6CC /* CountingTests.m */; };
/* End PBXBuildFile section */

/* Begin PBXContainerItemProxy section */
		B7DDCE9515FBC47900CCD6CC /* PBXContainerItemProxy */ = {
			isa = PBXContainerItemProxy;
			containerPortal = B7DDCE6615FBC47900CCD6CC /* Project object */;
			proxyType = 1;
			remoteGlobalIDString = B7DDCE6E15FBC47900CCD6CC;
			remoteInfo = Counting;
		};
/* End PBXContainerItemProxy section */

/* Begin PBXFileReference section */
		B7DDCE6F15FBC47900CCD6CC /* Counting.app */ = {isa = PBXFileReference; explicitFileType = wrapper.application; includeInIndex = 0; path = Counting.app; sourceTree = BUILT_PRODUCTS_DIR; };
		B7DDCE7315FBC47900CCD6CC /* UIKit.framework */ = {isa = PBXFileReference; lastKnownFileType = wrapper.framework; name = UIKit.framework; path = System/Library/Frameworks/UIKit.framework; sourceTree = SDKROOT; };
		B7DDCE7515FBC47900CCD6CC /* Foundation.framework */ = {isa = PBXFileReference; lastKnownFileType = wrapper.framework; name = Foundation.framework; path = System/Library/Frameworks/Foundation.framework; sourceTree = SDKROOT; };
		B7DDCE7715FBC47900CCD6CC /* CoreGraphics.framework */ = {isa = PBXFileReference; lastKnownFileType = wrapper.framework; name = CoreGraphics.framework; path = System/Library/Frameworks/CoreGraphics.framework; sourceTree = SDKROOT; };
		B7DDCE7B15FBC47900CCD6CC /* Counting-Info.plist */ = {isa = PBXFileReference; lastKnownFileType = text.plist.xml; path = "Counting-Info.plist"; sourceTree = "<group>"; };
		B7DDCE7D15FBC47900CCD6CC /* en */ = {isa = PBXFileReference; lastKnownFileType = text.plist.strings; name = en; path = en.lproj/InfoPlist.strings; sourceTree = "<group>"; };
		B7DDCE7F15FBC47900CCD6CC /* main.m */ = {isa = PBXFileReference; lastKnownFileType = sourcecode.c.objc; path = main.m; sourceTree = "<group>"; };
		B7DDCE8115FBC47900CCD6CC /* Counting-Prefix.pch */ = {isa = PBXFileReference; lastKnownFileType = sourcecode.c.h; path = "Counting-Prefix.pch"; sourceTree = "<group>"; };
		B7DDCE8215FBC47900CCD6CC /* AppDelegate.h */ = {isa = PBXFileReference; lastKnownFileType = sourcecode.c.h; path = AppDelegate.h; sourceTree = "<group>"; };
		B7DDCE8315FBC47900CCD6CC /* AppDelegate.m */ = {isa = PBXFileReference; lastKnownFileType = sourcecode.c.objc; path = AppDelegate.m; sourceTree = "<group>"; };
		B7DDCE8615FBC47900CCD6CC /* en */ = {isa = PBXFileReference; lastKnownFileType = file.storyboard; name = en; path = en.lproj/MainStoryboard.storyboard; sourceTree = "<group>"; };
		B7DDCE8815FBC47900CCD6CC /* ViewController.h */ = {isa = PBXFileReference; lastKnownFileType = sourcecode.c.h; path = ViewController.h; sourceTree = "<group>"; };
		B7DDCE8915FBC47900CCD6CC /* ViewController.m */ = {isa = PBXFileReference; lastKnownFileType = sourcecode.c.objc; path = ViewController.m; sourceTree = "<group>"; };
		B7DDCE9015FBC47900CCD6CC /* CountingTests.octest */ = {isa = PBXFileReference; explicitFileType = wrapper.cfbundle; includeInIndex = 0; path = CountingTests.octest; sourceTree = BUILT_PRODUCTS_DIR; };
		B7DDCE9115FBC47900CCD6CC /* SenTestingKit.framework */ = {isa = PBXFileReference; lastKnownFileType = wrapper.framework; name = SenTestingKit.framework; path = Library/Frameworks/SenTestingKit.framework; sourceTree = DEVELOPER_DIR; };
		B7DDCE9915FBC47900CCD6CC /* CountingTests-Info.plist */ = {isa = PBXFileReference; lastKnownFileType = text.plist.xml; path = "CountingTests-Info.plist"; sourceTree = "<group>"; };
		B7DDCE9B15FBC47900CCD6CC /* en */ = {isa = PBXFileReference; lastKnownFileType = text.plist.strings; name = en; path = en.lproj/InfoPlist.strings; sourceTree = "<group>"; };
		B7DDCE9D15FBC47900CCD6CC /* CountingTests.h */ = {isa = PBXFileReference; lastKnownFileType = sourcecode.c.h; path = CountingTests.h; sourceTree = "<group>"; };
		B7DDCE9E15FBC47900CCD6CC /* CountingTests.m */ = {isa = PBXFileReference; lastKnownFileType = sourcecode.c.objc; path = CountingTests.m; sourceTree = "<group>"; };
/* End PBXFileReference section */

/* Begin PBXFrameworksBuildPhase section */
		B7DDCE6C15FBC47900CCD6CC /* Frameworks */ = {
			isa = PBXFrameworksBuildPhase;
			buildActionMask = 2147483647;
			files = (
				B7DDCE7415FBC47900CCD6CC /* UIKit.framework in Frameworks */,
				B7DDCE7615FBC47900CCD6CC /* Foundation.framework in Frameworks */,
				B7DDCE7815FBC47900CCD6CC /* CoreGraphics.framework in Frameworks */,
			);
			runOnlyForDeploymentPostprocessing = 0;
		};
		B7DDCE8C15FBC47900CCD6CC /* Frameworks */ = {
			isa = PBXFrameworksBuildPhase;
			buildActionMask = 2147483647;
			files = (
				B7DDCE9215FBC47900CCD6CC /* SenTestingKit.framework in Frameworks */,
				B7DDCE9315FBC47900CCD6CC /* UIKit.framework in Frameworks */,
				B7DDCE9415FBC47900CCD6CC /* Foundation.framework in Frameworks */,
			);
			runOnlyForDeploymentPostprocessing = 0;
		};
/* End PBXFrameworksBuildPhase section */

/* Begin PBXGroup section */
		B7DDCE6415FBC47900CCD6CC = {
			isa = PBXGroup;
			children = (
				B7DDCE7915FBC47900CCD6CC /* Counting */,
				B7DDCE9715FBC47900CCD6CC /* CountingTests */,
				B7DDCE7215FBC47900CCD6CC /* Frameworks */,
				B7DDCE7015FBC47900CCD6CC /* Products */,
			);
			sourceTree = "<group>";
		};
		B7DDCE7015FBC47900CCD6CC /* Products */ = {
			isa = PBXGroup;
			children = (
				B7DDCE6F15FBC47900CCD6CC /* Counting.app */,
				B7DDCE9015FBC47900CCD6CC /* CountingTests.octest */,
			);
			name = Products;
			sourceTree = "<group>";
		};
		B7DDCE7215FBC47900CCD6CC /* Frameworks */ = {
			isa = PBXGroup;
			children = (
				B7DDCE7315FBC47900CCD6CC /* UIKit.framework */,
				B7DDCE7515FBC47900CCD6CC /* Foundation.framework */,
				B7DDCE7715FBC47900CCD6CC /* CoreGraphics.framework */,
				B7DDCE9115FBC47900CCD6CC /* SenTestingKit.framework */,
			);
			name = Frameworks;
			sourceTree = "<group>";
		};
		B7DDCE7915FBC47900CCD6CC /* Counting */ = {
			isa = PBXGroup;
			children = (
				B7DDCE8215FBC47900CCD6CC /* AppDelegate.h */,
				B7DDCE8315FBC47900CCD6CC /* AppDelegate.m */,
				B7DDCE8515FBC47900CCD6CC /* MainStoryboard.storyboard */,
				B7DDCE8815FBC47900CCD6CC /* ViewController.h */,
				B7DDCE8915FBC47900CCD6CC /* ViewController.m */,
				B7DDCE7A15FBC47900CCD6CC /* Supporting Files */,
			);
			path = Counting;
			sourceTree = "<group>";
		};
		B7DDCE7A15FBC47900CCD6CC /* Supporting Files */ = {
			isa = PBXGroup;
			children = (
				B7DDCE7B15FBC47900CCD6CC /* Counting-Info.plist */,
				B7DDCE7C15FBC47900CCD6CC /* InfoPlist.strings */,
				B7DDCE7F15FBC47900CCD6CC /* main.m */,
				B7DDCE8115FBC47900CCD6CC /* Counting-Prefix.pch */,
			);
			name = "Supporting Files";
			sourceTree = "<group>";
		};
		B7DDCE9715FBC47900CCD6CC /* CountingTests */ = {
			isa = PBXGroup;
			children = (
				B7DDCE9D15FBC47900CCD6CC /* CountingTests.h */,
				B7DDCE9E15FBC47900CCD6CC /* CountingTests.m */,
				B7DDCE9815FBC47900CCD6CC /* Supporting Files */,
			);
			path = CountingTests;
			sourceTree = "<group>";
		};
		B7DDCE9815FBC47900CCD6CC /* Supporting Files */ = {
			isa = PBXGroup;
			children = (
				B7DDCE9915FBC47900CCD6CC /* CountingTests-Info.plist */,
				B7DDCE9A15FBC47900CCD6CC /* InfoPlist.strings */,
			);
			name = "Supporting Files";
			sourceTree = "<group>";
		};
/* End PBXGroup section */

/* Begin PBXNativeTarget section */
		B7DDCE6E15FBC47900CCD6CC /* Counting */ = {
			isa = PBXNativeTarget;
			buildConfigurationList = B7DDCEA215FBC47900CCD6CC /* Build configuration list for PBXNativeTarget "Counting" */;
			buildPhases = (
				B7DDCE6B15FBC47900CCD6CC /* Sources */,
				B7DDCE6C15FBC47900CCD6CC /* Frameworks */,
				B7DDCE6D15FBC47900CCD6CC /* Resources */,
			);
			buildRules = (
			);
			dependencies = (
			);
			name = Counting;
			productName = Counting;
			productReference = B7DDCE6F15FBC47900CCD6CC /* Counting.app */;
			productType = "com.apple.product-type.application";
		};
		B7DDCE8F15FBC47900CCD6CC /* CountingTests */ = {
			isa = PBXNativeTarget;
			buildConfigurationList = B7DDCEA515FBC47900CCD6CC /* Build configuration list for PBXNativeTarget "CountingTests" */;
			buildPhases = (
				B7DDCE8B15FBC47900CCD6CC /* Sources */,
				B7DDCE8C15FBC47900CCD6CC /* Frameworks */,
				B7DDCE8D15FBC47900CCD6CC /* Resources */,
				B7DDCE8E15FBC47900CCD6CC /* ShellScript */,
			);
			buildRules = (
			);
			dependencies = (
				B7DDCE9615FBC47900CCD6CC /* PBXTargetDependency */,
			);
			name = CountingTests;
			productName = CountingTests;
			productReference = B7DDCE9015FBC47900CCD6CC /* CountingTests.octest */;
			productType = "com.apple.product-type.bundle";
		};
/* End PBXNativeTarget section */

/* Begin PBXProject section */
		B7DDCE6615FBC47900CCD6CC /* Project object */ = {
			isa = PBXProject;
			attributes = {
				LastUpgradeCheck = 0440;
				ORGANIZATIONNAME = "Chuka Okoye";
			};
			buildConfigurationList = B7DDCE6915FBC47900CCD6CC /* Build configuration list for PBXProject "Counting" */;
			compatibilityVersion = "Xcode 3.2";
			developmentRegion = English;
			hasScannedForEncodings = 0;
			knownRegions = (
				en,
			);
			mainGroup = B7DDCE6415FBC47900CCD6CC;
			productRefGroup = B7DDCE7015FBC47900CCD6CC /* Products */;
			projectDirPath = "";
			projectRoot = "";
			targets = (
				B7DDCE6E15FBC47900CCD6CC /* Counting */,
				B7DDCE8F15FBC47900CCD6CC /* CountingTests */,
			);
		};
/* End PBXProject section */

/* Begin PBXResourcesBuildPhase section */
		B7DDCE6D15FBC47900CCD6CC /* Resources */ = {
			isa = PBXResourcesBuildPhase;
			buildActionMask = 2147483647;
			files = (
				B7DDCE7E15FBC47900CCD6CC /* InfoPlist.strings in Resources */,
				B7DDCE8715FBC47900CCD6CC /* MainStoryboard.storyboard in Resources */,
			);
			runOnlyForDeploymentPostprocessing = 0;
		};
		B7DDCE8D15FBC47900CCD6CC /* Resources */ = {
			isa = PBXResourcesBuildPhase;
			buildActionMask = 2147483647;
			files = (
				B7DDCE9C15FBC47900CCD6CC /* InfoPlist.strings in Resources */,
			);
			runOnlyForDeploymentPostprocessing = 0;
		};
/* End PBXResourcesBuildPhase section */

/* Begin PBXShellScriptBuildPhase section */
		B7DDCE8E15FBC47900CCD6CC /* ShellScript */ = {
			isa = PBXShellScriptBuildPhase;
			buildActionMask = 2147483647;
			files = (
			);
			inputPaths = (
			);
			outputPaths = (
			);
			runOnlyForDeploymentPostprocessing = 0;
			shellPath = /bin/sh;
			shellScript = "# Run the unit tests in this test bundle.\n\"${SYSTEM_DEVELOPER_DIR}/Tools/RunUnitTests\"\n";
		};
/* End PBXShellScriptBuildPhase section */

/* Begin PBXSourcesBuildPhase section */
		B7DDCE6B15FBC47900CCD6CC /* Sources */ = {
			isa = PBXSourcesBuildPhase;
			buildActionMask = 2147483647;
			files = (
				B7DDCE8015FBC47900CCD6CC /* main.m in Sources */,
				B7DDCE8415FBC47900CCD6CC /* AppDelegate.m in Sources */,
				B7DDCE8A15FBC47900CCD6CC /* ViewController.m in Sources */,
			);
			runOnlyForDeploymentPostprocessing = 0;
		};
		B7DDCE8B15FBC47900CCD6CC /* Sources */ = {
			isa = PBXSourcesBuildPhase;
			buildActionMask = 2147483647;
			files = (
				B7DDCE9F15FBC47900CCD6CC /* CountingTests.m in Sources */,
			);
			runOnlyForDeploymentPostprocessing = 0;
		};
/* End PBXSourcesBuildPhase section */

/* Begin PBXTargetDependency section */
		B7DDCE9615FBC47900CCD6CC /* PBXTargetDependency */ = {
			isa = PBXTargetDependency;
			target = B7DDCE6E15FBC47900CCD6CC /* Counting */;
			targetProxy = B7DDCE9515FBC47900CCD6CC /* PBXContainerItemProxy */;
		};
/* End PBXTargetDependency section */

/* Begin PBXVariantGroup section */
		B7DDCE7C15FBC47900CCD6CC /* InfoPlist.strings */ = {
			isa = PBXVariantGroup;
			children = (
				B7DDCE7D15FBC47900CCD6CC /* en */,
			);
			name = InfoPlist.strings;
			sourceTree = "<group>";
		};
		B7DDCE8515FBC47900CCD6CC /* MainStoryboard.storyboard */ = {
			isa = PBXVariantGroup;
			children = (
				B7DDCE8615FBC47900CCD6CC /* en */,
			);
			name = MainStoryboard.storyboard;
			sourceTree = "<group>";
		};
		B7DDCE9A15FBC47900CCD6CC /* InfoPlist.strings */ = {
			isa = PBXVariantGroup;
			children = (
				B7DDCE9B15FBC47900CCD6CC /* en */,
			);
			name = InfoPlist.strings;
			sourceTree = "<group>";
		};
/* End PBXVariantGroup section */

/* Begin XCBuildConfiguration section */
		B7DDCEA015FBC47900CCD6CC /* Debug */ = {
			isa = XCBuildConfiguration;
			buildSettings = {
				ALWAYS_SEARCH_USER_PATHS = NO;
				ARCHS = "$(ARCHS_STANDARD_32_BIT)";
				CLANG_CXX_LANGUAGE_STANDARD = "gnu++0x";
				CLANG_WARN__DUPLICATE_METHOD_MATCH = YES;
				"CODE_SIGN_IDENTITY[sdk=iphoneos*]" = "iPhone Developer";
				COPY_PHASE_STRIP = NO;
				GCC_C_LANGUAGE_STANDARD = gnu99;
				GCC_DYNAMIC_NO_PIC = NO;
				GCC_OPTIMIZATION_LEVEL = 0;
				GCC_PREPROCESSOR_DEFINITIONS = (
					"DEBUG=1",
					"$(inherited)",
				);
				GCC_SYMBOLS_PRIVATE_EXTERN = NO;
				GCC_VERSION = com.apple.compilers.llvm.clang.1_0;
				GCC_WARN_ABOUT_RETURN_TYPE = YES;
				GCC_WARN_UNINITIALIZED_AUTOS = YES;
				GCC_WARN_UNUSED_VARIABLE = YES;
				IPHONEOS_DEPLOYMENT_TARGET = 5.1;
				SDKROOT = iphoneos;
			};
			name = Debug;
		};
		B7DDCEA115FBC47900CCD6CC /* Release */ = {
			isa = XCBuildConfiguration;
			buildSettings = {
				ALWAYS_SEARCH_USER_PATHS = NO;
				ARCHS = "$(ARCHS_STANDARD_32_BIT)";
				CLANG_CXX_LANGUAGE_STANDARD = "gnu++0x";
				CLANG_WARN__DUPLICATE_METHOD_MATCH = YES;
				"CODE_SIGN_IDENTITY[sdk=iphoneos*]" = "iPhone Developer";
				COPY_PHASE_STRIP = YES;
				GCC_C_LANGUAGE_STANDARD = gnu99;
				GCC_VERSION = com.apple.compilers.llvm.clang.1_0;
				GCC_WARN_ABOUT_RETURN_TYPE = YES;
				GCC_WARN_UNINITIALIZED_AUTOS = YES;
				GCC_WARN_UNUSED_VARIABLE = YES;
				IPHONEOS_DEPLOYMENT_TARGET = 5.1;
				OTHER_CFLAGS = "-DNS_BLOCK_ASSERTIONS=1";
				SDKROOT = iphoneos;
				VALIDATE_PRODUCT = YES;
			};
			name = Release;
		};
		B7DDCEA315FBC47900CCD6CC /* Debug */ = {
			isa = XCBuildConfiguration;
			buildSettings = {
				GCC_PRECOMPILE_PREFIX_HEADER = YES;
				GCC_PREFIX_HEADER = "Counting/Counting-Prefix.pch";
				INFOPLIST_FILE = "Counting/Counting-Info.plist";
				PRODUCT_NAME = "$(TARGET_NAME)";
				WRAPPER_EXTENSION = app;
			};
			name = Debug;
		};
		B7DDCEA415FBC47900CCD6CC /* Release */ = {
			isa = XCBuildConfiguration;
			buildSettings = {
				GCC_PRECOMPILE_PREFIX_HEADER = YES;
				GCC_PREFIX_HEADER = "Counting/Counting-Prefix.pch";
				INFOPLIST_FILE = "Counting/Counting-Info.plist";
				PRODUCT_NAME = "$(TARGET_NAME)";
				WRAPPER_EXTENSION = app;
			};
			name = Release;
		};
		B7DDCEA615FBC47900CCD6CC /* Debug */ = {
			isa = XCBuildConfiguration;
			buildSettings = {
				BUNDLE_LOADER = "$(BUILT_PRODUCTS_DIR)/Counting.app/Counting";
				FRAMEWORK_SEARCH_PATHS = (
					"\"$(SDKROOT)/Developer/Library/Frameworks\"",
					"\"$(DEVELOPER_LIBRARY_DIR)/Frameworks\"",
				);
				GCC_PRECOMPILE_PREFIX_HEADER = YES;
				GCC_PREFIX_HEADER = "Counting/Counting-Prefix.pch";
				INFOPLIST_FILE = "CountingTests/CountingTests-Info.plist";
				PRODUCT_NAME = "$(TARGET_NAME)";
				TEST_HOST = "$(BUNDLE_LOADER)";
				WRAPPER_EXTENSION = octest;
			};
			name = Debug;
		};
		B7DDCEA715FBC47900CCD6CC /* Release */ = {
			isa = XCBuildConfiguration;
			buildSettings = {
				BUNDLE_LOADER = "$(BUILT_PRODUCTS_DIR)/Counting.app/Counting";
				FRAMEWORK_SEARCH_PATHS = (
					"\"$(SDKROOT)/Developer/Library/Frameworks\"",
					"\"$(DEVELOPER_LIBRARY_DIR)/Frameworks\"",
				);
				GCC_PRECOMPILE_PREFIX_HEADER = YES;
				GCC_PREFIX_HEADER = "Counting/Counting-Prefix.pch";
				INFOPLIST_FILE = "CountingTests/CountingTests-Info.plist";
				PRODUCT_NAME = "$(TARGET_NAME)";
				TEST_HOST = "$(BUNDLE_LOADER)";
				WRAPPER_EXTENSION = octest;
			};
			name = Release;
		};
/* End XCBuildConfiguration section */

/* Begin XCConfigurationList section */
		B7DDCE6915FBC47900CCD6CC /* Build configuration list for PBXProject "Counting" */ = {
			isa = XCConfigurationList;
			buildConfigurations = (
				B7DDCEA015FBC47900CCD6CC /* Debug */,
				B7DDCEA115FBC47900CCD6CC /* Release */,
			);
			defaultConfigurationIsVisible = 0;
			defaultConfigurationName = Release;
		};
		B7DDCEA215FBC47900CCD6CC /* Build configuration list for PBXNativeTarget "Counting" */ = {
			isa = XCConfigurationList;
			buildConfigurations = (
				B7DDCEA315FBC47900CCD6CC /* Debug */,
				B7DDCEA415FBC47900CCD6CC /* Release */,
			);
			defaultConfigurationIsVisible = 0;
		};
		B7DDCEA515FBC47900CCD6CC /* Build configuration list for PBXNativeTarget "CountingTests" */ = {
			isa = XCConfigurationList;
			buildConfigurations = (
				B7DDCEA615FBC47900CCD6CC /* Debug */,
				B7DDCEA715FBC47900CCD6CC /* Release */,
			);
			defaultConfigurationIsVisible = 0;
		};
/* End XCConfigurationList section */
	};
	rootObject = B7DDCE6615FBC47900CCD6CC /* Project object */;
}
