// !$*UTF8*$!
{
	archiveVersion = 1;
	classes = {
	};
	objectVersion = 46;
	objects = {

/* Begin PBXBuildFile section */
		AF5C9B2F160525F000D19C32 /* UIKit.framework in Frameworks */ = {isa = PBXBuildFile; fileRef = AF5C9B2E160525F000D19C32 /* UIKit.framework */; };
		AF5C9B31160525F000D19C32 /* Foundation.framework in Frameworks */ = {isa = PBXBuildFile; fileRef = AF5C9B30160525F000D19C32 /* Foundation.framework */; };
		AF5C9B33160525F000D19C32 /* CoreGraphics.framework in Frameworks */ = {isa = PBXBuildFile; fileRef = AF5C9B32160525F000D19C32 /* CoreGraphics.framework */; };
		AF5C9B39160525F000D19C32 /* InfoPlist.strings in Resources */ = {isa = PBXBuildFile; fileRef = AF5C9B37160525F000D19C32 /* InfoPlist.strings */; };
		AF5C9B3B160525F000D19C32 /* main.m in Sources */ = {isa = PBXBuildFile; fileRef = AF5C9B3A160525F000D19C32 /* main.m */; };
		AF5C9B3F160525F000D19C32 /* QuizAppDelegate.m in Sources */ = {isa = PBXBuildFile; fileRef = AF5C9B3E160525F000D19C32 /* QuizAppDelegate.m */; };
		AF5C9B42160525F000D19C32 /* QuizViewController.m in Sources */ = {isa = PBXBuildFile; fileRef = AF5C9B41160525F000D19C32 /* QuizViewController.m */; };
		AF5C9B45160525F000D19C32 /* QuizViewController.xib in Resources */ = {isa = PBXBuildFile; fileRef = AF5C9B43160525F000D19C32 /* QuizViewController.xib */; };
/* End PBXBuildFile section */

/* Begin PBXFileReference section */
		AF5C9B2A160525F000D19C32 /* Quiz project.app */ = {isa = PBXFileReference; explicitFileType = wrapper.application; includeInIndex = 0; path = "Quiz project.app"; sourceTree = BUILT_PRODUCTS_DIR; };
		AF5C9B2E160525F000D19C32 /* UIKit.framework */ = {isa = PBXFileReference; lastKnownFileType = wrapper.framework; name = UIKit.framework; path = System/Library/Frameworks/UIKit.framework; sourceTree = SDKROOT; };
		AF5C9B30160525F000D19C32 /* Foundation.framework */ = {isa = PBXFileReference; lastKnownFileType = wrapper.framework; name = Foundation.framework; path = System/Library/Frameworks/Foundation.framework; sourceTree = SDKROOT; };
		AF5C9B32160525F000D19C32 /* CoreGraphics.framework */ = {isa = PBXFileReference; lastKnownFileType = wrapper.framework; name = CoreGraphics.framework; path = System/Library/Frameworks/CoreGraphics.framework; sourceTree = SDKROOT; };
		AF5C9B36160525F000D19C32 /* Quiz project-Info.plist */ = {isa = PBXFileReference; lastKnownFileType = text.plist.xml; path = "Quiz project-Info.plist"; sourceTree = "<group>"; };
		AF5C9B38160525F000D19C32 /* en */ = {isa = PBXFileReference; lastKnownFileType = text.plist.strings; name = en; path = en.lproj/InfoPlist.strings; sourceTree = "<group>"; };
		AF5C9B3A160525F000D19C32 /* main.m */ = {isa = PBXFileReference; lastKnownFileType = sourcecode.c.objc; path = main.m; sourceTree = "<group>"; };
		AF5C9B3C160525F000D19C32 /* Quiz project-Prefix.pch */ = {isa = PBXFileReference; lastKnownFileType = sourcecode.c.h; path = "Quiz project-Prefix.pch"; sourceTree = "<group>"; };
		AF5C9B3D160525F000D19C32 /* QuizAppDelegate.h */ = {isa = PBXFileReference; lastKnownFileType = sourcecode.c.h; path = QuizAppDelegate.h; sourceTree = "<group>"; };
		AF5C9B3E160525F000D19C32 /* QuizAppDelegate.m */ = {isa = PBXFileReference; lastKnownFileType = sourcecode.c.objc; path = QuizAppDelegate.m; sourceTree = "<group>"; };
		AF5C9B40160525F000D19C32 /* QuizViewController.h */ = {isa = PBXFileReference; lastKnownFileType = sourcecode.c.h; path = QuizViewController.h; sourceTree = "<group>"; };
		AF5C9B41160525F000D19C32 /* QuizViewController.m */ = {isa = PBXFileReference; lastKnownFileType = sourcecode.c.objc; path = QuizViewController.m; sourceTree = "<group>"; };
		AF5C9B44160525F000D19C32 /* en */ = {isa = PBXFileReference; lastKnownFileType = file.xib; name = en; path = en.lproj/QuizViewController.xib; sourceTree = "<group>"; };
/* End PBXFileReference section */

/* Begin PBXFrameworksBuildPhase section */
		AF5C9B27160525F000D19C32 /* Frameworks */ = {
			isa = PBXFrameworksBuildPhase;
			buildActionMask = 2147483647;
			files = (
				AF5C9B2F160525F000D19C32 /* UIKit.framework in Frameworks */,
				AF5C9B31160525F000D19C32 /* Foundation.framework in Frameworks */,
				AF5C9B33160525F000D19C32 /* CoreGraphics.framework in Frameworks */,
			);
			runOnlyForDeploymentPostprocessing = 0;
		};
/* End PBXFrameworksBuildPhase section */

/* Begin PBXGroup section */
		AF5C9B1F160525F000D19C32 = {
			isa = PBXGroup;
			children = (
				AF5C9B34160525F000D19C32 /* Quiz project */,
				AF5C9B2D160525F000D19C32 /* Frameworks */,
				AF5C9B2B160525F000D19C32 /* Products */,
			);
			sourceTree = "<group>";
		};
		AF5C9B2B160525F000D19C32 /* Products */ = {
			isa = PBXGroup;
			children = (
				AF5C9B2A160525F000D19C32 /* Quiz project.app */,
			);
			name = Products;
			sourceTree = "<group>";
		};
		AF5C9B2D160525F000D19C32 /* Frameworks */ = {
			isa = PBXGroup;
			children = (
				AF5C9B2E160525F000D19C32 /* UIKit.framework */,
				AF5C9B30160525F000D19C32 /* Foundation.framework */,
				AF5C9B32160525F000D19C32 /* CoreGraphics.framework */,
			);
			name = Frameworks;
			sourceTree = "<group>";
		};
		AF5C9B34160525F000D19C32 /* Quiz project */ = {
			isa = PBXGroup;
			children = (
				AF5C9B3D160525F000D19C32 /* QuizAppDelegate.h */,
				AF5C9B3E160525F000D19C32 /* QuizAppDelegate.m */,
				AF5C9B40160525F000D19C32 /* QuizViewController.h */,
				AF5C9B41160525F000D19C32 /* QuizViewController.m */,
				AF5C9B43160525F000D19C32 /* QuizViewController.xib */,
				AF5C9B35160525F000D19C32 /* Supporting Files */,
			);
			path = "Quiz project";
			sourceTree = "<group>";
		};
		AF5C9B35160525F000D19C32 /* Supporting Files */ = {
			isa = PBXGroup;
			children = (
				AF5C9B36160525F000D19C32 /* Quiz project-Info.plist */,
				AF5C9B37160525F000D19C32 /* InfoPlist.strings */,
				AF5C9B3A160525F000D19C32 /* main.m */,
				AF5C9B3C160525F000D19C32 /* Quiz project-Prefix.pch */,
			);
			name = "Supporting Files";
			sourceTree = "<group>";
		};
/* End PBXGroup section */

/* Begin PBXNativeTarget section */
		AF5C9B29160525F000D19C32 /* Quiz project */ = {
			isa = PBXNativeTarget;
			buildConfigurationList = AF5C9B48160525F000D19C32 /* Build configuration list for PBXNativeTarget "Quiz project" */;
			buildPhases = (
				AF5C9B26160525F000D19C32 /* Sources */,
				AF5C9B27160525F000D19C32 /* Frameworks */,
				AF5C9B28160525F000D19C32 /* Resources */,
			);
			buildRules = (
			);
			dependencies = (
			);
			name = "Quiz project";
			productName = "Quiz project";
			productReference = AF5C9B2A160525F000D19C32 /* Quiz project.app */;
			productType = "com.apple.product-type.application";
		};
/* End PBXNativeTarget section */

/* Begin PBXProject section */
		AF5C9B21160525F000D19C32 /* Project object */ = {
			isa = PBXProject;
			attributes = {
				CLASSPREFIX = Quiz;
				LastUpgradeCheck = 0440;
			};
			buildConfigurationList = AF5C9B24160525F000D19C32 /* Build configuration list for PBXProject "Quiz project" */;
			compatibilityVersion = "Xcode 3.2";
			developmentRegion = English;
			hasScannedForEncodings = 0;
			knownRegions = (
				en,
			);
			mainGroup = AF5C9B1F160525F000D19C32;
			productRefGroup = AF5C9B2B160525F000D19C32 /* Products */;
			projectDirPath = "";
			projectRoot = "";
			targets = (
				AF5C9B29160525F000D19C32 /* Quiz project */,
			);
		};
/* End PBXProject section */

/* Begin PBXResourcesBuildPhase section */
		AF5C9B28160525F000D19C32 /* Resources */ = {
			isa = PBXResourcesBuildPhase;
			buildActionMask = 2147483647;
			files = (
				AF5C9B39160525F000D19C32 /* InfoPlist.strings in Resources */,
				AF5C9B45160525F000D19C32 /* QuizViewController.xib in Resources */,
			);
			runOnlyForDeploymentPostprocessing = 0;
		};
/* End PBXResourcesBuildPhase section */

/* Begin PBXSourcesBuildPhase section */
		AF5C9B26160525F000D19C32 /* Sources */ = {
			isa = PBXSourcesBuildPhase;
			buildActionMask = 2147483647;
			files = (
				AF5C9B3B160525F000D19C32 /* main.m in Sources */,
				AF5C9B3F160525F000D19C32 /* QuizAppDelegate.m in Sources */,
				AF5C9B42160525F000D19C32 /* QuizViewController.m in Sources */,
			);
			runOnlyForDeploymentPostprocessing = 0;
		};
/* End PBXSourcesBuildPhase section */

/* Begin PBXVariantGroup section */
		AF5C9B37160525F000D19C32 /* InfoPlist.strings */ = {
			isa = PBXVariantGroup;
			children = (
				AF5C9B38160525F000D19C32 /* en */,
			);
			name = InfoPlist.strings;
			sourceTree = "<group>";
		};
		AF5C9B43160525F000D19C32 /* QuizViewController.xib */ = {
			isa = PBXVariantGroup;
			children = (
				AF5C9B44160525F000D19C32 /* en */,
			);
			name = QuizViewController.xib;
			sourceTree = "<group>";
		};
/* End PBXVariantGroup section */

/* Begin XCBuildConfiguration section */
		AF5C9B46160525F000D19C32 /* Debug */ = {
			isa = XCBuildConfiguration;
			buildSettings = {
				ALWAYS_SEARCH_USER_PATHS = NO;
				ARCHS = "$(ARCHS_STANDARD_32_BIT)";
				CLANG_CXX_LANGUAGE_STANDARD = "gnu++0x";
				CLANG_ENABLE_OBJC_ARC = YES;
				CLANG_WARN__DUPLICATE_METHOD_MATCH = YES;
				"CODE_SIGN_IDENTITY[sdk=iphoneos*]" = "iPhone Developer";
				COPY_PHASE_STRIP = NO;
				GCC_C_LANGUAGE_STANDARD = gnu99;
				GCC_DYNAMIC_NO_PIC = NO;
				GCC_OPTIMIZATION_LEVEL = 0;
				GCC_PREPROCESSOR_DEFINITIONS = (
					"DEBUG=1",
					"$(inherited)",
				);
				GCC_SYMBOLS_PRIVATE_EXTERN = NO;
				GCC_VERSION = com.apple.compilers.llvm.clang.1_0;
				GCC_WARN_ABOUT_RETURN_TYPE = YES;
				GCC_WARN_UNINITIALIZED_AUTOS = YES;
				GCC_WARN_UNUSED_VARIABLE = YES;
				IPHONEOS_DEPLOYMENT_TARGET = 5.1;
				SDKROOT = iphoneos;
			};
			name = Debug;
		};
		AF5C9B47160525F000D19C32 /* Release */ = {
			isa = XCBuildConfiguration;
			buildSettings = {
				ALWAYS_SEARCH_USER_PATHS = NO;
				ARCHS = "$(ARCHS_STANDARD_32_BIT)";
				CLANG_CXX_LANGUAGE_STANDARD = "gnu++0x";
				CLANG_ENABLE_OBJC_ARC = YES;
				CLANG_WARN__DUPLICATE_METHOD_MATCH = YES;
				"CODE_SIGN_IDENTITY[sdk=iphoneos*]" = "iPhone Developer";
				COPY_PHASE_STRIP = YES;
				GCC_C_LANGUAGE_STANDARD = gnu99;
				GCC_VERSION = com.apple.compilers.llvm.clang.1_0;
				GCC_WARN_ABOUT_RETURN_TYPE = YES;
				GCC_WARN_UNINITIALIZED_AUTOS = YES;
				GCC_WARN_UNUSED_VARIABLE = YES;
				IPHONEOS_DEPLOYMENT_TARGET = 5.1;
				OTHER_CFLAGS = "-DNS_BLOCK_ASSERTIONS=1";
				SDKROOT = iphoneos;
				VALIDATE_PRODUCT = YES;
			};
			name = Release;
		};
		AF5C9B49160525F000D19C32 /* Debug */ = {
			isa = XCBuildConfiguration;
			buildSettings = {
				GCC_PRECOMPILE_PREFIX_HEADER = YES;
				GCC_PREFIX_HEADER = "Quiz project/Quiz project-Prefix.pch";
				INFOPLIST_FILE = "Quiz project/Quiz project-Info.plist";
				PRODUCT_NAME = "$(TARGET_NAME)";
				WRAPPER_EXTENSION = app;
			};
			name = Debug;
		};
		AF5C9B4A160525F000D19C32 /* Release */ = {
			isa = XCBuildConfiguration;
			buildSettings = {
				GCC_PRECOMPILE_PREFIX_HEADER = YES;
				GCC_PREFIX_HEADER = "Quiz project/Quiz project-Prefix.pch";
				INFOPLIST_FILE = "Quiz project/Quiz project-Info.plist";
				PRODUCT_NAME = "$(TARGET_NAME)";
				WRAPPER_EXTENSION = app;
			};
			name = Release;
		};
/* End XCBuildConfiguration section */

/* Begin XCConfigurationList section */
		AF5C9B24160525F000D19C32 /* Build configuration list for PBXProject "Quiz project" */ = {
			isa = XCConfigurationList;
			buildConfigurations = (
				AF5C9B46160525F000D19C32 /* Debug */,
				AF5C9B47160525F000D19C32 /* Release */,
			);
			defaultConfigurationIsVisible = 0;
			defaultConfigurationName = Release;
		};
		AF5C9B48160525F000D19C32 /* Build configuration list for PBXNativeTarget "Quiz project" */ = {
			isa = XCConfigurationList;
			buildConfigurations = (
				AF5C9B49160525F000D19C32 /* Debug */,
				AF5C9B4A160525F000D19C32 /* Release */,
			);
			defaultConfigurationIsVisible = 0;
		};
/* End XCConfigurationList section */
	};
	rootObject = AF5C9B21160525F000D19C32 /* Project object */;
}
