<?xml version="1.0" encoding="UTF-8"?>
<!DOCTYPE plist PUBLIC "-//Apple//DTD PLIST 1.0//EN" "http://www.apple.com/DTDs/PropertyList-1.0.dtd">
<plist version="1.0">
<dict>
	<key>archiveVersion</key>
	<string>1</string>
	<key>classes</key>
	<dict/>
	<key>objectVersion</key>
	<string>46</string>
	<key>objects</key>
	<dict>
		<key>506DCEFDE9FD4529B69DA37D</key>
		<dict>
			<key>buildActionMask</key>
			<string>2147483647</string>
			<key>files</key>
			<array/>
			<key>inputPaths</key>
			<array/>
			<key>isa</key>
			<string>PBXShellScriptBuildPhase</string>
			<key>name</key>
			<string>Check Pods Manifest.lock</string>
			<key>outputPaths</key>
			<array/>
			<key>runOnlyForDeploymentPostprocessing</key>
			<string>0</string>
			<key>shellPath</key>
			<string>/bin/sh</string>
			<key>shellScript</key>
			<string>diff "${PODS_ROOT}/../Podfile.lock" "${PODS_ROOT}/Manifest.lock" &gt; /dev/null
if [[ $? != 0 ]] ; then
    cat &lt;&lt; EOM
error: The sandbox is not in sync with the Podfile.lock. Run 'pod install' or update your CocoaPods installation.
EOM
    exit 1
fi
</string>
			<key>showEnvVarsInLog</key>
			<string>1</string>
		</dict>
		<key>8A250A4987E549E5911D1B80</key>
		<dict>
			<key>includeInIndex</key>
			<string>1</string>
			<key>isa</key>
			<string>PBXFileReference</string>
			<key>lastKnownFileType</key>
			<string>text.xcconfig</string>
			<key>name</key>
			<string>Pods.xcconfig</string>
			<key>path</key>
			<string>Pods/Pods.xcconfig</string>
			<key>sourceTree</key>
			<string>SOURCE_ROOT</string>
		</dict>
		<key>B156B724645A412A885D9DAE</key>
		<dict>
			<key>buildActionMask</key>
			<string>2147483647</string>
			<key>files</key>
			<array/>
			<key>inputPaths</key>
			<array/>
			<key>isa</key>
			<string>PBXShellScriptBuildPhase</string>
			<key>name</key>
			<string>Copy Pods Resources</string>
			<key>outputPaths</key>
			<array/>
			<key>runOnlyForDeploymentPostprocessing</key>
			<string>0</string>
			<key>shellPath</key>
			<string>/bin/sh</string>
			<key>shellScript</key>
			<string>"${SRCROOT}/Pods/Pods-resources.sh"
</string>
			<key>showEnvVarsInLog</key>
			<string>1</string>
		</dict>
		<key>B7D3F801176C0E2900597973</key>
		<dict>
			<key>children</key>
			<array>
				<string>B7D3F834176C0ED000597973</string>
				<string>B7D3F832176C0E9200597973</string>
				<string>B7D3F831176C0E8C00597973</string>
				<string>B7D3F830176C0E8700597973</string>
				<string>B7D3F82F176C0E6200597973</string>
				<string>B7D3F815176C0E2900597973</string>
				<string>B7D3F80C176C0E2900597973</string>
				<string>B7D3F80B176C0E2900597973</string>
				<string>8A250A4987E549E5911D1B80</string>
			</array>
			<key>isa</key>
			<string>PBXGroup</string>
			<key>sourceTree</key>
			<string>&lt;group&gt;</string>
		</dict>
		<key>B7D3F802176C0E2900597973</key>
		<dict>
			<key>attributes</key>
			<dict>
				<key>CLASSPREFIX</key>
				<string>Ever</string>
				<key>LastUpgradeCheck</key>
				<string>0460</string>
				<key>ORGANIZATIONNAME</key>
				<string>Lightcurve Labs</string>
			</dict>
			<key>buildConfigurationList</key>
			<string>B7D3F805176C0E2900597973</string>
			<key>compatibilityVersion</key>
			<string>Xcode 3.2</string>
			<key>developmentRegion</key>
			<string>English</string>
			<key>hasScannedForEncodings</key>
			<string>0</string>
			<key>isa</key>
			<string>PBXProject</string>
			<key>knownRegions</key>
			<array>
				<string>en</string>
			</array>
			<key>mainGroup</key>
			<string>B7D3F801176C0E2900597973</string>
			<key>productRefGroup</key>
			<string>B7D3F80B176C0E2900597973</string>
			<key>projectDirPath</key>
			<string></string>
			<key>projectReferences</key>
			<array/>
			<key>projectRoot</key>
			<string></string>
			<key>targets</key>
			<array>
				<string>B7D3F809176C0E2900597973</string>
			</array>
		</dict>
		<key>B7D3F805176C0E2900597973</key>
		<dict>
			<key>buildConfigurations</key>
			<array>
				<string>B7D3F82A176C0E2900597973</string>
				<string>B7D3F82B176C0E2900597973</string>
			</array>
			<key>defaultConfigurationIsVisible</key>
			<string>0</string>
			<key>defaultConfigurationName</key>
			<string>Release</string>
			<key>isa</key>
			<string>XCConfigurationList</string>
		</dict>
		<key>B7D3F806176C0E2900597973</key>
		<dict>
			<key>buildActionMask</key>
			<string>2147483647</string>
			<key>files</key>
			<array>
				<string>B7D3F81C176C0E2900597973</string>
				<string>B7D3F820176C0E2900597973</string>
				<string>B7D3F829176C0E2900597973</string>
				<string>B7D3F837176C0FC800597973</string>
				<string>B7D3F83C176C202900597973</string>
				<string>B7D3F841176EA22700597973</string>
				<string>B7D3F8441770014100597973</string>
				<string>B7D3F86B1776564D00597973</string>
			</array>
			<key>isa</key>
			<string>PBXSourcesBuildPhase</string>
			<key>runOnlyForDeploymentPostprocessing</key>
			<string>0</string>
		</dict>
		<key>B7D3F807176C0E2900597973</key>
		<dict>
			<key>buildActionMask</key>
			<string>2147483647</string>
			<key>files</key>
			<array>
				<string>B7D3F80E176C0E2900597973</string>
				<string>B7D3F810176C0E2900597973</string>
				<string>B7D3F812176C0E2900597973</string>
				<string>B7D3F814176C0E2900597973</string>
				<string>B7D3F83E176C277200597973</string>
				<string>C43ABAE4900E454B98BE4A26</string>
			</array>
			<key>isa</key>
			<string>PBXFrameworksBuildPhase</string>
			<key>runOnlyForDeploymentPostprocessing</key>
			<string>0</string>
		</dict>
		<key>B7D3F808176C0E2900597973</key>
		<dict>
			<key>buildActionMask</key>
			<string>2147483647</string>
			<key>files</key>
			<array>
				<string>B7D3F81A176C0E2900597973</string>
				<string>B7D3F822176C0E2900597973</string>
				<string>B7D3F824176C0E2900597973</string>
				<string>B7D3F826176C0E2900597973</string>
				<string>B7D3F839176C121300597973</string>
			</array>
			<key>isa</key>
			<string>PBXResourcesBuildPhase</string>
			<key>runOnlyForDeploymentPostprocessing</key>
			<string>0</string>
		</dict>
		<key>B7D3F809176C0E2900597973</key>
		<dict>
			<key>buildConfigurationList</key>
			<string>B7D3F82C176C0E2900597973</string>
			<key>buildPhases</key>
			<array>
				<string>506DCEFDE9FD4529B69DA37D</string>
				<string>B7D3F806176C0E2900597973</string>
				<string>B7D3F807176C0E2900597973</string>
				<string>B7D3F808176C0E2900597973</string>
				<string>B156B724645A412A885D9DAE</string>
			</array>
			<key>buildRules</key>
			<array/>
			<key>dependencies</key>
			<array/>
			<key>isa</key>
			<string>PBXNativeTarget</string>
			<key>name</key>
			<string>Ever</string>
			<key>productName</key>
			<string>Ever</string>
			<key>productReference</key>
			<string>B7D3F80A176C0E2900597973</string>
			<key>productType</key>
			<string>com.apple.product-type.application</string>
		</dict>
		<key>B7D3F80A176C0E2900597973</key>
		<dict>
			<key>explicitFileType</key>
			<string>wrapper.application</string>
			<key>includeInIndex</key>
			<string>0</string>
			<key>isa</key>
			<string>PBXFileReference</string>
			<key>path</key>
			<string>Ever.app</string>
			<key>sourceTree</key>
			<string>BUILT_PRODUCTS_DIR</string>
		</dict>
		<key>B7D3F80B176C0E2900597973</key>
		<dict>
			<key>children</key>
			<array>
				<string>B7D3F80A176C0E2900597973</string>
			</array>
			<key>isa</key>
			<string>PBXGroup</string>
			<key>name</key>
			<string>Products</string>
			<key>sourceTree</key>
			<string>&lt;group&gt;</string>
		</dict>
		<key>B7D3F80C176C0E2900597973</key>
		<dict>
			<key>children</key>
			<array>
				<string>B7D3F83D176C277200597973</string>
				<string>B7D3F80D176C0E2900597973</string>
				<string>B7D3F80F176C0E2900597973</string>
				<string>B7D3F811176C0E2900597973</string>
				<string>B7D3F813176C0E2900597973</string>
				<string>E7B18D58FF5D4A09AF9627F4</string>
			</array>
			<key>isa</key>
			<string>PBXGroup</string>
			<key>name</key>
			<string>Frameworks</string>
			<key>sourceTree</key>
			<string>&lt;group&gt;</string>
		</dict>
		<key>B7D3F80D176C0E2900597973</key>
		<dict>
			<key>isa</key>
			<string>PBXFileReference</string>
			<key>lastKnownFileType</key>
			<string>wrapper.framework</string>
			<key>name</key>
			<string>UIKit.framework</string>
			<key>path</key>
			<string>System/Library/Frameworks/UIKit.framework</string>
			<key>sourceTree</key>
			<string>SDKROOT</string>
		</dict>
		<key>B7D3F80E176C0E2900597973</key>
		<dict>
			<key>fileRef</key>
			<string>B7D3F80D176C0E2900597973</string>
			<key>isa</key>
			<string>PBXBuildFile</string>
		</dict>
		<key>B7D3F80F176C0E2900597973</key>
		<dict>
			<key>isa</key>
			<string>PBXFileReference</string>
			<key>lastKnownFileType</key>
			<string>wrapper.framework</string>
			<key>name</key>
			<string>Foundation.framework</string>
			<key>path</key>
			<string>System/Library/Frameworks/Foundation.framework</string>
			<key>sourceTree</key>
			<string>SDKROOT</string>
		</dict>
		<key>B7D3F810176C0E2900597973</key>
		<dict>
			<key>fileRef</key>
			<string>B7D3F80F176C0E2900597973</string>
			<key>isa</key>
			<string>PBXBuildFile</string>
		</dict>
		<key>B7D3F811176C0E2900597973</key>
		<dict>
			<key>isa</key>
			<string>PBXFileReference</string>
			<key>lastKnownFileType</key>
			<string>wrapper.framework</string>
			<key>name</key>
			<string>CoreGraphics.framework</string>
			<key>path</key>
			<string>System/Library/Frameworks/CoreGraphics.framework</string>
			<key>sourceTree</key>
			<string>SDKROOT</string>
		</dict>
		<key>B7D3F812176C0E2900597973</key>
		<dict>
			<key>fileRef</key>
			<string>B7D3F811176C0E2900597973</string>
			<key>isa</key>
			<string>PBXBuildFile</string>
		</dict>
		<key>B7D3F813176C0E2900597973</key>
		<dict>
			<key>isa</key>
			<string>PBXFileReference</string>
			<key>lastKnownFileType</key>
			<string>wrapper.framework</string>
			<key>name</key>
			<string>CoreData.framework</string>
			<key>path</key>
			<string>System/Library/Frameworks/CoreData.framework</string>
			<key>sourceTree</key>
			<string>SDKROOT</string>
		</dict>
		<key>B7D3F814176C0E2900597973</key>
		<dict>
			<key>fileRef</key>
			<string>B7D3F813176C0E2900597973</string>
			<key>isa</key>
			<string>PBXBuildFile</string>
		</dict>
		<key>B7D3F815176C0E2900597973</key>
		<dict>
			<key>children</key>
			<array>
				<string>B7D3F81E176C0E2900597973</string>
				<string>B7D3F81F176C0E2900597973</string>
				<string>B7D3F827176C0E2900597973</string>
				<string>B7D3F8421770014100597973</string>
				<string>B7D3F8431770014100597973</string>
				<string>B7D3F816176C0E2900597973</string>
			</array>
			<key>isa</key>
			<string>PBXGroup</string>
			<key>path</key>
			<string>Ever</string>
			<key>sourceTree</key>
			<string>&lt;group&gt;</string>
		</dict>
		<key>B7D3F816176C0E2900597973</key>
		<dict>
			<key>children</key>
			<array>
				<string>B7D3F817176C0E2900597973</string>
				<string>B7D3F818176C0E2900597973</string>
				<string>B7D3F81B176C0E2900597973</string>
				<string>B7D3F81D176C0E2900597973</string>
				<string>B7D3F821176C0E2900597973</string>
				<string>B7D3F823176C0E2900597973</string>
				<string>B7D3F825176C0E2900597973</string>
			</array>
			<key>isa</key>
			<string>PBXGroup</string>
			<key>name</key>
			<string>Supporting Files</string>
			<key>sourceTree</key>
			<string>&lt;group&gt;</string>
		</dict>
		<key>B7D3F817176C0E2900597973</key>
		<dict>
			<key>isa</key>
			<string>PBXFileReference</string>
			<key>lastKnownFileType</key>
			<string>text.plist.xml</string>
			<key>path</key>
			<string>Ever-Info.plist</string>
			<key>sourceTree</key>
			<string>&lt;group&gt;</string>
		</dict>
		<key>B7D3F818176C0E2900597973</key>
		<dict>
			<key>children</key>
			<array>
				<string>B7D3F819176C0E2900597973</string>
			</array>
			<key>isa</key>
			<string>PBXVariantGroup</string>
			<key>name</key>
			<string>InfoPlist.strings</string>
			<key>sourceTree</key>
			<string>&lt;group&gt;</string>
		</dict>
		<key>B7D3F819176C0E2900597973</key>
		<dict>
			<key>isa</key>
			<string>PBXFileReference</string>
			<key>lastKnownFileType</key>
			<string>text.plist.strings</string>
			<key>name</key>
			<string>en</string>
			<key>path</key>
			<string>en.lproj/InfoPlist.strings</string>
			<key>sourceTree</key>
			<string>&lt;group&gt;</string>
		</dict>
		<key>B7D3F81A176C0E2900597973</key>
		<dict>
			<key>fileRef</key>
			<string>B7D3F818176C0E2900597973</string>
			<key>isa</key>
			<string>PBXBuildFile</string>
		</dict>
		<key>B7D3F81B176C0E2900597973</key>
		<dict>
			<key>isa</key>
			<string>PBXFileReference</string>
			<key>lastKnownFileType</key>
			<string>sourcecode.c.objc</string>
			<key>path</key>
			<string>main.m</string>
			<key>sourceTree</key>
			<string>&lt;group&gt;</string>
		</dict>
		<key>B7D3F81C176C0E2900597973</key>
		<dict>
			<key>fileRef</key>
			<string>B7D3F81B176C0E2900597973</string>
			<key>isa</key>
			<string>PBXBuildFile</string>
		</dict>
		<key>B7D3F81D176C0E2900597973</key>
		<dict>
			<key>isa</key>
			<string>PBXFileReference</string>
			<key>lastKnownFileType</key>
			<string>sourcecode.c.h</string>
			<key>path</key>
			<string>Ever-Prefix.pch</string>
			<key>sourceTree</key>
			<string>&lt;group&gt;</string>
		</dict>
		<key>B7D3F81E176C0E2900597973</key>
		<dict>
			<key>isa</key>
			<string>PBXFileReference</string>
			<key>lastKnownFileType</key>
			<string>sourcecode.c.h</string>
			<key>path</key>
			<string>EverAppDelegate.h</string>
			<key>sourceTree</key>
			<string>&lt;group&gt;</string>
		</dict>
		<key>B7D3F81F176C0E2900597973</key>
		<dict>
			<key>isa</key>
			<string>PBXFileReference</string>
			<key>lastKnownFileType</key>
			<string>sourcecode.c.objc</string>
			<key>path</key>
			<string>EverAppDelegate.m</string>
			<key>sourceTree</key>
			<string>&lt;group&gt;</string>
		</dict>
		<key>B7D3F820176C0E2900597973</key>
		<dict>
			<key>fileRef</key>
			<string>B7D3F81F176C0E2900597973</string>
			<key>isa</key>
			<string>PBXBuildFile</string>
		</dict>
		<key>B7D3F821176C0E2900597973</key>
		<dict>
			<key>isa</key>
			<string>PBXFileReference</string>
			<key>lastKnownFileType</key>
			<string>image.png</string>
			<key>path</key>
			<string>Default.png</string>
			<key>sourceTree</key>
			<string>&lt;group&gt;</string>
		</dict>
		<key>B7D3F822176C0E2900597973</key>
		<dict>
			<key>fileRef</key>
			<string>B7D3F821176C0E2900597973</string>
			<key>isa</key>
			<string>PBXBuildFile</string>
		</dict>
		<key>B7D3F823176C0E2900597973</key>
		<dict>
			<key>isa</key>
			<string>PBXFileReference</string>
			<key>lastKnownFileType</key>
			<string>image.png</string>
			<key>path</key>
			<string>Default@2x.png</string>
			<key>sourceTree</key>
			<string>&lt;group&gt;</string>
		</dict>
		<key>B7D3F824176C0E2900597973</key>
		<dict>
			<key>fileRef</key>
			<string>B7D3F823176C0E2900597973</string>
			<key>isa</key>
			<string>PBXBuildFile</string>
		</dict>
		<key>B7D3F825176C0E2900597973</key>
		<dict>
			<key>isa</key>
			<string>PBXFileReference</string>
			<key>lastKnownFileType</key>
			<string>image.png</string>
			<key>path</key>
			<string>Default-568h@2x.png</string>
			<key>sourceTree</key>
			<string>&lt;group&gt;</string>
		</dict>
		<key>B7D3F826176C0E2900597973</key>
		<dict>
			<key>fileRef</key>
			<string>B7D3F825176C0E2900597973</string>
			<key>isa</key>
			<string>PBXBuildFile</string>
		</dict>
		<key>B7D3F827176C0E2900597973</key>
		<dict>
			<key>children</key>
			<array>
				<string>B7D3F828176C0E2900597973</string>
			</array>
			<key>currentVersion</key>
			<string>B7D3F828176C0E2900597973</string>
			<key>isa</key>
			<string>XCVersionGroup</string>
			<key>path</key>
			<string>Ever.xcdatamodeld</string>
			<key>sourceTree</key>
			<string>&lt;group&gt;</string>
			<key>versionGroupType</key>
			<string>wrapper.xcdatamodel</string>
		</dict>
		<key>B7D3F828176C0E2900597973</key>
		<dict>
			<key>isa</key>
			<string>PBXFileReference</string>
			<key>lastKnownFileType</key>
			<string>wrapper.xcdatamodel</string>
			<key>path</key>
			<string>Ever.xcdatamodel</string>
			<key>sourceTree</key>
			<string>&lt;group&gt;</string>
		</dict>
		<key>B7D3F829176C0E2900597973</key>
		<dict>
			<key>fileRef</key>
			<string>B7D3F827176C0E2900597973</string>
			<key>isa</key>
			<string>PBXBuildFile</string>
		</dict>
		<key>B7D3F82A176C0E2900597973</key>
		<dict>
			<key>buildSettings</key>
			<dict>
				<key>ALWAYS_SEARCH_USER_PATHS</key>
				<string>NO</string>
				<key>CLANG_CXX_LANGUAGE_STANDARD</key>
				<string>gnu++0x</string>
				<key>CLANG_CXX_LIBRARY</key>
				<string>libc++</string>
				<key>CLANG_ENABLE_OBJC_ARC</key>
				<string>YES</string>
				<key>CLANG_WARN_CONSTANT_CONVERSION</key>
				<string>YES</string>
				<key>CLANG_WARN_EMPTY_BODY</key>
				<string>YES</string>
				<key>CLANG_WARN_ENUM_CONVERSION</key>
				<string>YES</string>
				<key>CLANG_WARN_INT_CONVERSION</key>
				<string>YES</string>
				<key>CLANG_WARN__DUPLICATE_METHOD_MATCH</key>
				<string>YES</string>
				<key>CODE_SIGN_IDENTITY[sdk=iphoneos*]</key>
				<string>iPhone Developer</string>
				<key>COPY_PHASE_STRIP</key>
				<string>NO</string>
				<key>GCC_C_LANGUAGE_STANDARD</key>
				<string>gnu99</string>
				<key>GCC_DYNAMIC_NO_PIC</key>
				<string>NO</string>
				<key>GCC_OPTIMIZATION_LEVEL</key>
				<string>0</string>
				<key>GCC_PREPROCESSOR_DEFINITIONS</key>
				<array>
					<string>DEBUG=1</string>
					<string>$(inherited)</string>
				</array>
				<key>GCC_SYMBOLS_PRIVATE_EXTERN</key>
				<string>NO</string>
				<key>GCC_WARN_ABOUT_RETURN_TYPE</key>
				<string>YES</string>
				<key>GCC_WARN_UNINITIALIZED_AUTOS</key>
				<string>YES</string>
				<key>GCC_WARN_UNUSED_VARIABLE</key>
				<string>YES</string>
				<key>IPHONEOS_DEPLOYMENT_TARGET</key>
				<string>6.1</string>
				<key>ONLY_ACTIVE_ARCH</key>
				<string>YES</string>
				<key>SDKROOT</key>
				<string>iphoneos</string>
			</dict>
			<key>isa</key>
			<string>XCBuildConfiguration</string>
			<key>name</key>
			<string>Debug</string>
		</dict>
		<key>B7D3F82B176C0E2900597973</key>
		<dict>
			<key>buildSettings</key>
			<dict>
				<key>ALWAYS_SEARCH_USER_PATHS</key>
				<string>NO</string>
				<key>CLANG_CXX_LANGUAGE_STANDARD</key>
				<string>gnu++0x</string>
				<key>CLANG_CXX_LIBRARY</key>
				<string>libc++</string>
				<key>CLANG_ENABLE_OBJC_ARC</key>
				<string>YES</string>
				<key>CLANG_WARN_CONSTANT_CONVERSION</key>
				<string>YES</string>
				<key>CLANG_WARN_EMPTY_BODY</key>
				<string>YES</string>
				<key>CLANG_WARN_ENUM_CONVERSION</key>
				<string>YES</string>
				<key>CLANG_WARN_INT_CONVERSION</key>
				<string>YES</string>
				<key>CLANG_WARN__DUPLICATE_METHOD_MATCH</key>
				<string>YES</string>
				<key>CODE_SIGN_IDENTITY[sdk=iphoneos*]</key>
				<string>iPhone Developer</string>
				<key>COPY_PHASE_STRIP</key>
				<string>YES</string>
				<key>GCC_C_LANGUAGE_STANDARD</key>
				<string>gnu99</string>
				<key>GCC_WARN_ABOUT_RETURN_TYPE</key>
				<string>YES</string>
				<key>GCC_WARN_UNINITIALIZED_AUTOS</key>
				<string>YES</string>
				<key>GCC_WARN_UNUSED_VARIABLE</key>
				<string>YES</string>
				<key>IPHONEOS_DEPLOYMENT_TARGET</key>
				<string>6.1</string>
				<key>OTHER_CFLAGS</key>
				<string>-DNS_BLOCK_ASSERTIONS=1</string>
				<key>SDKROOT</key>
				<string>iphoneos</string>
				<key>VALIDATE_PRODUCT</key>
				<string>YES</string>
			</dict>
			<key>isa</key>
			<string>XCBuildConfiguration</string>
			<key>name</key>
			<string>Release</string>
		</dict>
		<key>B7D3F82C176C0E2900597973</key>
		<dict>
			<key>buildConfigurations</key>
			<array>
				<string>B7D3F82D176C0E2900597973</string>
				<string>B7D3F82E176C0E2900597973</string>
			</array>
			<key>defaultConfigurationIsVisible</key>
			<string>0</string>
			<key>isa</key>
			<string>XCConfigurationList</string>
		</dict>
		<key>B7D3F82D176C0E2900597973</key>
		<dict>
			<key>baseConfigurationReference</key>
			<string>8A250A4987E549E5911D1B80</string>
			<key>buildSettings</key>
			<dict>
				<key>GCC_PRECOMPILE_PREFIX_HEADER</key>
				<string>YES</string>
				<key>GCC_PREFIX_HEADER</key>
				<string>Ever/Ever-Prefix.pch</string>
				<key>INFOPLIST_FILE</key>
				<string>Ever/Ever-Info.plist</string>
				<key>PRODUCT_NAME</key>
				<string>$(TARGET_NAME)</string>
				<key>WRAPPER_EXTENSION</key>
				<string>app</string>
			</dict>
			<key>isa</key>
			<string>XCBuildConfiguration</string>
			<key>name</key>
			<string>Debug</string>
		</dict>
		<key>B7D3F82E176C0E2900597973</key>
		<dict>
			<key>baseConfigurationReference</key>
			<string>8A250A4987E549E5911D1B80</string>
			<key>buildSettings</key>
			<dict>
				<key>GCC_PRECOMPILE_PREFIX_HEADER</key>
				<string>YES</string>
				<key>GCC_PREFIX_HEADER</key>
				<string>Ever/Ever-Prefix.pch</string>
				<key>INFOPLIST_FILE</key>
				<string>Ever/Ever-Info.plist</string>
				<key>PRODUCT_NAME</key>
				<string>$(TARGET_NAME)</string>
				<key>WRAPPER_EXTENSION</key>
				<string>app</string>
			</dict>
			<key>isa</key>
			<string>XCBuildConfiguration</string>
			<key>name</key>
			<string>Release</string>
		</dict>
		<key>B7D3F82F176C0E6200597973</key>
		<dict>
			<key>children</key>
			<array>
				<string>B7D3F835176C0FC800597973</string>
				<string>B7D3F836176C0FC800597973</string>
			</array>
			<key>isa</key>
			<string>PBXGroup</string>
			<key>name</key>
			<string>Controllers</string>
			<key>sourceTree</key>
			<string>&lt;group&gt;</string>
		</dict>
		<key>B7D3F830176C0E8700597973</key>
		<dict>
			<key>children</key>
			<array/>
			<key>isa</key>
			<string>PBXGroup</string>
			<key>name</key>
			<string>Images</string>
			<key>sourceTree</key>
			<string>&lt;group&gt;</string>
		</dict>
		<key>B7D3F831176C0E8C00597973</key>
		<dict>
			<key>children</key>
			<array>
				<string>B7D3F838176C121300597973</string>
			</array>
			<key>isa</key>
			<string>PBXGroup</string>
			<key>name</key>
			<string>Views</string>
			<key>sourceTree</key>
			<string>&lt;group&gt;</string>
		</dict>
		<key>B7D3F832176C0E9200597973</key>
		<dict>
			<key>children</key>
			<array>
				<string>B7D3F83F176EA22700597973</string>
				<string>B7D3F840176EA22700597973</string>
			</array>
			<key>isa</key>
			<string>PBXGroup</string>
			<key>name</key>
			<string>Stores</string>
			<key>sourceTree</key>
			<string>&lt;group&gt;</string>
		</dict>
		<key>B7D3F834176C0ED000597973</key>
		<dict>
			<key>children</key>
			<array>
				<string>B7D3F83A176C202900597973</string>
				<string>B7D3F83B176C202900597973</string>
				<string>B7D3F8691776564D00597973</string>
				<string>B7D3F86A1776564D00597973</string>
			</array>
			<key>isa</key>
			<string>PBXGroup</string>
			<key>name</key>
			<string>Drivers</string>
			<key>sourceTree</key>
			<string>&lt;group&gt;</string>
		</dict>
		<key>B7D3F835176C0FC800597973</key>
		<dict>
			<key>fileEncoding</key>
			<string>4</string>
			<key>isa</key>
			<string>PBXFileReference</string>
			<key>lastKnownFileType</key>
			<string>sourcecode.c.h</string>
			<key>path</key>
			<string>EverBase.h</string>
			<key>sourceTree</key>
			<string>&lt;group&gt;</string>
		</dict>
		<key>B7D3F836176C0FC800597973</key>
		<dict>
			<key>fileEncoding</key>
			<string>4</string>
			<key>isa</key>
			<string>PBXFileReference</string>
			<key>lastKnownFileType</key>
			<string>sourcecode.c.objc</string>
			<key>path</key>
			<string>EverBase.m</string>
			<key>sourceTree</key>
			<string>&lt;group&gt;</string>
		</dict>
		<key>B7D3F837176C0FC800597973</key>
		<dict>
			<key>fileRef</key>
			<string>B7D3F836176C0FC800597973</string>
			<key>isa</key>
			<string>PBXBuildFile</string>
		</dict>
		<key>B7D3F838176C121300597973</key>
		<dict>
			<key>fileEncoding</key>
			<string>4</string>
			<key>isa</key>
			<string>PBXFileReference</string>
			<key>lastKnownFileType</key>
			<string>file.xib</string>
			<key>path</key>
			<string>Home.xib</string>
			<key>sourceTree</key>
			<string>&lt;group&gt;</string>
		</dict>
		<key>B7D3F839176C121300597973</key>
		<dict>
			<key>fileRef</key>
			<string>B7D3F838176C121300597973</string>
			<key>isa</key>
			<string>PBXBuildFile</string>
		</dict>
		<key>B7D3F83A176C202900597973</key>
		<dict>
			<key>fileEncoding</key>
			<string>4</string>
			<key>isa</key>
			<string>PBXFileReference</string>
			<key>lastKnownFileType</key>
			<string>sourcecode.c.h</string>
			<key>path</key>
			<string>EverLocationDriver.h</string>
			<key>sourceTree</key>
			<string>&lt;group&gt;</string>
		</dict>
		<key>B7D3F83B176C202900597973</key>
		<dict>
			<key>fileEncoding</key>
			<string>4</string>
			<key>isa</key>
			<string>PBXFileReference</string>
			<key>lastKnownFileType</key>
			<string>sourcecode.c.objc</string>
			<key>path</key>
			<string>EverLocationDriver.m</string>
			<key>sourceTree</key>
			<string>&lt;group&gt;</string>
		</dict>
		<key>B7D3F83C176C202900597973</key>
		<dict>
			<key>fileRef</key>
			<string>B7D3F83B176C202900597973</string>
			<key>isa</key>
			<string>PBXBuildFile</string>
		</dict>
		<key>B7D3F83D176C277200597973</key>
		<dict>
			<key>isa</key>
			<string>PBXFileReference</string>
			<key>lastKnownFileType</key>
			<string>wrapper.framework</string>
			<key>name</key>
			<string>CoreLocation.framework</string>
			<key>path</key>
			<string>System/Library/Frameworks/CoreLocation.framework</string>
			<key>sourceTree</key>
			<string>SDKROOT</string>
		</dict>
		<key>B7D3F83E176C277200597973</key>
		<dict>
			<key>fileRef</key>
			<string>B7D3F83D176C277200597973</string>
			<key>isa</key>
			<string>PBXBuildFile</string>
		</dict>
		<key>B7D3F83F176EA22700597973</key>
		<dict>
			<key>fileEncoding</key>
			<string>4</string>
			<key>isa</key>
			<string>PBXFileReference</string>
			<key>lastKnownFileType</key>
			<string>sourcecode.c.h</string>
			<key>path</key>
			<string>EverSensorStore.h</string>
			<key>sourceTree</key>
			<string>&lt;group&gt;</string>
		</dict>
		<key>B7D3F840176EA22700597973</key>
		<dict>
			<key>fileEncoding</key>
			<string>4</string>
			<key>isa</key>
			<string>PBXFileReference</string>
			<key>lastKnownFileType</key>
			<string>sourcecode.c.objc</string>
			<key>path</key>
			<string>EverSensorStore.m</string>
			<key>sourceTree</key>
			<string>&lt;group&gt;</string>
		</dict>
		<key>B7D3F841176EA22700597973</key>
		<dict>
			<key>fileRef</key>
			<string>B7D3F840176EA22700597973</string>
			<key>isa</key>
			<string>PBXBuildFile</string>
		</dict>
		<key>B7D3F8421770014100597973</key>
		<dict>
			<key>fileEncoding</key>
			<string>4</string>
			<key>isa</key>
			<string>PBXFileReference</string>
			<key>lastKnownFileType</key>
			<string>sourcecode.c.h</string>
			<key>path</key>
			<string>GPS.h</string>
			<key>sourceTree</key>
			<string>&lt;group&gt;</string>
		</dict>
		<key>B7D3F8431770014100597973</key>
		<dict>
			<key>fileEncoding</key>
			<string>4</string>
			<key>isa</key>
			<string>PBXFileReference</string>
			<key>lastKnownFileType</key>
			<string>sourcecode.c.objc</string>
			<key>path</key>
			<string>GPS.m</string>
			<key>sourceTree</key>
			<string>&lt;group&gt;</string>
		</dict>
		<key>B7D3F8441770014100597973</key>
		<dict>
			<key>fileRef</key>
			<string>B7D3F8431770014100597973</string>
			<key>isa</key>
			<string>PBXBuildFile</string>
		</dict>
		<key>B7D3F8691776564D00597973</key>
		<dict>
			<key>fileEncoding</key>
			<string>4</string>
			<key>isa</key>
			<string>PBXFileReference</string>
			<key>lastKnownFileType</key>
			<string>sourcecode.c.h</string>
			<key>path</key>
			<string>EverAPIConnector.h</string>
			<key>sourceTree</key>
			<string>&lt;group&gt;</string>
		</dict>
		<key>B7D3F86A1776564D00597973</key>
		<dict>
			<key>fileEncoding</key>
			<string>4</string>
			<key>isa</key>
			<string>PBXFileReference</string>
			<key>lastKnownFileType</key>
			<string>sourcecode.c.objc</string>
			<key>path</key>
			<string>EverAPIConnector.m</string>
			<key>sourceTree</key>
			<string>&lt;group&gt;</string>
		</dict>
		<key>B7D3F86B1776564D00597973</key>
		<dict>
			<key>fileRef</key>
			<string>B7D3F86A1776564D00597973</string>
			<key>isa</key>
			<string>PBXBuildFile</string>
		</dict>
		<key>C43ABAE4900E454B98BE4A26</key>
		<dict>
			<key>fileRef</key>
			<string>E7B18D58FF5D4A09AF9627F4</string>
			<key>isa</key>
			<string>PBXBuildFile</string>
			<key>settings</key>
			<dict/>
		</dict>
		<key>E7B18D58FF5D4A09AF9627F4</key>
		<dict>
			<key>explicitFileType</key>
			<string>archive.ar</string>
			<key>includeInIndex</key>
			<string>0</string>
			<key>isa</key>
			<string>PBXFileReference</string>
			<key>name</key>
			<string>libPods.a</string>
			<key>path</key>
			<string>libPods.a</string>
			<key>sourceTree</key>
			<string>BUILT_PRODUCTS_DIR</string>
		</dict>
	</dict>
	<key>rootObject</key>
	<string>B7D3F802176C0E2900597973</string>
</dict>
</plist>
